
Microsoft Visual Studio Solution File, Format Version 12.00
# Visual Studio 15
VisualStudioVersion = 15.0.28010.2016
MinimumVisualStudioVersion = 10.0.40219.1
Project("{9A19103F-16F7-4668-BE54-9A1E7A4F7556}") = "FreelanceTool", "FreelanceTool.csproj", "{CC72CD7F-2C4D-47A3-AE9A-EF1D49FA0816}"
EndProject
Global
	GlobalSection(SolutionConfigurationPlatforms) = preSolution
		Debug|Any CPU = Debug|Any CPU
		Release|Any CPU = Release|Any CPU
	EndGlobalSection
	GlobalSection(ProjectConfigurationPlatforms) = postSolution
		{CC72CD7F-2C4D-47A3-AE9A-EF1D49FA0816}.Debug|Any CPU.ActiveCfg = Debug|Any CPU
		{CC72CD7F-2C4D-47A3-AE9A-EF1D49FA0816}.Debug|Any CPU.Build.0 = Debug|Any CPU
		{CC72CD7F-2C4D-47A3-AE9A-EF1D49FA0816}.Release|Any CPU.ActiveCfg = Release|Any CPU
		{CC72CD7F-2C4D-47A3-AE9A-EF1D49FA0816}.Release|Any CPU.Build.0 = Release|Any CPU
	EndGlobalSection
	GlobalSection(SolutionProperties) = preSolution
		HideSolutionNode = FALSE
	EndGlobalSection
	GlobalSection(ExtensibilityGlobals) = postSolution
		SolutionGuid = {B61D418E-5A5F-481C-A0A6-E519F8E7BA3F}
	EndGlobalSection
EndGlobal
